
Microsoft Visual Studio Solution File, Format Version 12.00
# Visual Studio Version 17
VisualStudioVersion = 17.4.33110.190
MinimumVisualStudioVersion = 10.0.40219.1
Project("{9A19103F-16F7-4668-BE54-9A1E7A4F7556}") = "sights", "sights\sights.csproj", "{41B429AC-E071-4865-B696-3F7803B05F3D}"
EndProject
Global
	GlobalSection(SolutionConfigurationPlatforms) = preSolution
		Debug|Any CPU = Debug|Any CPU
		Release|Any CPU = Release|Any CPU
	EndGlobalSection
	GlobalSection(ProjectConfigurationPlatforms) = postSolution
		{41B429AC-E071-4865-B696-3F7803B05F3D}.Debug|Any CPU.ActiveCfg = Debug|Any CPU
		{41B429AC-E071-4865-B696-3F7803B05F3D}.Debug|Any CPU.Build.0 = Debug|Any CPU
		{41B429AC-E071-4865-B696-3F7803B05F3D}.Release|Any CPU.ActiveCfg = Release|Any CPU
		{41B429AC-E071-4865-B696-3F7803B05F3D}.Release|Any CPU.Build.0 = Release|Any CPU
	EndGlobalSection
	GlobalSection(SolutionProperties) = preSolution
		HideSolutionNode = FALSE
	EndGlobalSection
	GlobalSection(ExtensibilityGlobals) = postSolution
		SolutionGuid = {F07DF409-0E0D-403A-A2B1-91285EEFD50F}
	EndGlobalSection
EndGlobal
